{
  "pins" : [
    {
      "identity" : "becoreextension",
      "kind" : "remoteSourceControl",
      "location" : "https://github.com/benayaokta/BECoreExtension",
      "state" : {
        "branch" : "main",
        "revision" : "335b719aafcbdd6a2df93e79d5f5a1be4e459d40"
      }
    }
  ],
  "version" : 2
}
